
Microsoft Visual Studio Solution File, Format Version 11.00
# Visual Studio 2010
Project("{FAE04EC0-301F-11D3-BF4B-00C04F79EFBC}") = "Test", "Test\Test.csproj", "{F8FE15A9-1767-458E-BC52-785404AA94D4}"
EndProject
Global
	GlobalSection(SolutionConfigurationPlatforms) = preSolution
		Debug|x86 = Debug|x86
		Release|x86 = Release|x86
	EndGlobalSection
	GlobalSection(ProjectConfigurationPlatforms) = postSolution
		{F8FE15A9-1767-458E-BC52-785404AA94D4}.Debug|x86.ActiveCfg = Debug|x86
		{F8FE15A9-1767-458E-BC52-785404AA94D4}.Debug|x86.Build.0 = Debug|x86
		{F8FE15A9-1767-458E-BC52-785404AA94D4}.Release|x86.ActiveCfg = Release|x86
		{F8FE15A9-1767-458E-BC52-785404AA94D4}.Release|x86.Build.0 = Release|x86
	EndGlobalSection
	GlobalSection(MonoDevelopProperties) = preSolution
		StartupItem = Test\Test.csproj
	EndGlobalSection
EndGlobal
