
Microsoft Visual Studio Solution File, Format Version 11.00
# Visual Studio 2010
Project("{FAE04EC0-301F-11D3-BF4B-00C04F79EFBC}") = "testx", "testx\testx.csproj", "{ABCEF928-42EB-4413-A912-D0DD9C1A63E7}"
EndProject
Global
	GlobalSection(SolutionConfigurationPlatforms) = preSolution
		Debug|x86 = Debug|x86
		Release|x86 = Release|x86
	EndGlobalSection
	GlobalSection(ProjectConfigurationPlatforms) = postSolution
		{ABCEF928-42EB-4413-A912-D0DD9C1A63E7}.Debug|x86.ActiveCfg = Debug|x86
		{ABCEF928-42EB-4413-A912-D0DD9C1A63E7}.Debug|x86.Build.0 = Debug|x86
		{ABCEF928-42EB-4413-A912-D0DD9C1A63E7}.Release|x86.ActiveCfg = Release|x86
		{ABCEF928-42EB-4413-A912-D0DD9C1A63E7}.Release|x86.Build.0 = Release|x86
	EndGlobalSection
	GlobalSection(MonoDevelopProperties) = preSolution
		StartupItem = testx\testx.csproj
	EndGlobalSection
EndGlobal
